
Microsoft Visual Studio Solution File, Format Version 12.00
# TcXaeShell Solution File, Format Version 11.00
VisualStudioVersion = 15.0.28307.1913
MinimumVisualStudioVersion = 10.0.40219.1
Project("{B1E792BE-AA5F-4E3C-8C82-674BF9C0715B}") = "Tolerantiewaardes", "Tolerantiewaardes\Tolerantiewaardes.tsproj", "{230F1E33-0297-4858-A186-903DEB64A242}"
EndProject
Global
	GlobalSection(SolutionConfigurationPlatforms) = preSolution
		Debug|TwinCAT CE7 (ARMV7) = Debug|TwinCAT CE7 (ARMV7)
		Debug|TwinCAT OS (ARMT2) = Debug|TwinCAT OS (ARMT2)
		Debug|TwinCAT RT (x64) = Debug|TwinCAT RT (x64)
		Debug|TwinCAT RT (x86) = Debug|TwinCAT RT (x86)
		Release|TwinCAT CE7 (ARMV7) = Release|TwinCAT CE7 (ARMV7)
		Release|TwinCAT OS (ARMT2) = Release|TwinCAT OS (ARMT2)
		Release|TwinCAT RT (x64) = Release|TwinCAT RT (x64)
		Release|TwinCAT RT (x86) = Release|TwinCAT RT (x86)
	EndGlobalSection
	GlobalSection(ProjectConfigurationPlatforms) = postSolution
		{230F1E33-0297-4858-A186-903DEB64A242}.Debug|TwinCAT CE7 (ARMV7).ActiveCfg = Debug|TwinCAT CE7 (ARMV7)
		{230F1E33-0297-4858-A186-903DEB64A242}.Debug|TwinCAT CE7 (ARMV7).Build.0 = Debug|TwinCAT CE7 (ARMV7)
		{230F1E33-0297-4858-A186-903DEB64A242}.Debug|TwinCAT OS (ARMT2).ActiveCfg = Debug|TwinCAT OS (ARMT2)
		{230F1E33-0297-4858-A186-903DEB64A242}.Debug|TwinCAT OS (ARMT2).Build.0 = Debug|TwinCAT OS (ARMT2)
		{230F1E33-0297-4858-A186-903DEB64A242}.Debug|TwinCAT RT (x64).ActiveCfg = Debug|TwinCAT RT (x64)
		{230F1E33-0297-4858-A186-903DEB64A242}.Debug|TwinCAT RT (x64).Build.0 = Debug|TwinCAT RT (x64)
		{230F1E33-0297-4858-A186-903DEB64A242}.Debug|TwinCAT RT (x86).ActiveCfg = Debug|TwinCAT RT (x86)
		{230F1E33-0297-4858-A186-903DEB64A242}.Debug|TwinCAT RT (x86).Build.0 = Debug|TwinCAT RT (x86)
		{230F1E33-0297-4858-A186-903DEB64A242}.Release|TwinCAT CE7 (ARMV7).ActiveCfg = Release|TwinCAT CE7 (ARMV7)
		{230F1E33-0297-4858-A186-903DEB64A242}.Release|TwinCAT CE7 (ARMV7).Build.0 = Release|TwinCAT CE7 (ARMV7)
		{230F1E33-0297-4858-A186-903DEB64A242}.Release|TwinCAT OS (ARMT2).ActiveCfg = Release|TwinCAT OS (ARMT2)
		{230F1E33-0297-4858-A186-903DEB64A242}.Release|TwinCAT OS (ARMT2).Build.0 = Release|TwinCAT OS (ARMT2)
		{230F1E33-0297-4858-A186-903DEB64A242}.Release|TwinCAT RT (x64).ActiveCfg = Release|TwinCAT RT (x64)
		{230F1E33-0297-4858-A186-903DEB64A242}.Release|TwinCAT RT (x64).Build.0 = Release|TwinCAT RT (x64)
		{230F1E33-0297-4858-A186-903DEB64A242}.Release|TwinCAT RT (x86).ActiveCfg = Release|TwinCAT RT (x86)
		{230F1E33-0297-4858-A186-903DEB64A242}.Release|TwinCAT RT (x86).Build.0 = Release|TwinCAT RT (x86)
		{113FD26F-6E1F-4880-81DC-FBB6B4A89F7C}.Debug|TwinCAT CE7 (ARMV7).ActiveCfg = Debug|TwinCAT CE7 (ARMV7)
		{113FD26F-6E1F-4880-81DC-FBB6B4A89F7C}.Debug|TwinCAT CE7 (ARMV7).Build.0 = Debug|TwinCAT CE7 (ARMV7)
		{113FD26F-6E1F-4880-81DC-FBB6B4A89F7C}.Debug|TwinCAT OS (ARMT2).ActiveCfg = Debug|TwinCAT OS (ARMT2)
		{113FD26F-6E1F-4880-81DC-FBB6B4A89F7C}.Debug|TwinCAT OS (ARMT2).Build.0 = Debug|TwinCAT OS (ARMT2)
		{113FD26F-6E1F-4880-81DC-FBB6B4A89F7C}.Debug|TwinCAT RT (x64).ActiveCfg = Debug|TwinCAT RT (x64)
		{113FD26F-6E1F-4880-81DC-FBB6B4A89F7C}.Debug|TwinCAT RT (x64).Build.0 = Debug|TwinCAT RT (x64)
		{113FD26F-6E1F-4880-81DC-FBB6B4A89F7C}.Debug|TwinCAT RT (x86).ActiveCfg = Debug|TwinCAT RT (x86)
		{113FD26F-6E1F-4880-81DC-FBB6B4A89F7C}.Debug|TwinCAT RT (x86).Build.0 = Debug|TwinCAT RT (x86)
		{113FD26F-6E1F-4880-81DC-FBB6B4A89F7C}.Release|TwinCAT CE7 (ARMV7).ActiveCfg = Release|TwinCAT CE7 (ARMV7)
		{113FD26F-6E1F-4880-81DC-FBB6B4A89F7C}.Release|TwinCAT CE7 (ARMV7).Build.0 = Release|TwinCAT CE7 (ARMV7)
		{113FD26F-6E1F-4880-81DC-FBB6B4A89F7C}.Release|TwinCAT OS (ARMT2).ActiveCfg = Release|TwinCAT OS (ARMT2)
		{113FD26F-6E1F-4880-81DC-FBB6B4A89F7C}.Release|TwinCAT OS (ARMT2).Build.0 = Release|TwinCAT OS (ARMT2)
		{113FD26F-6E1F-4880-81DC-FBB6B4A89F7C}.Release|TwinCAT RT (x64).ActiveCfg = Release|TwinCAT RT (x64)
		{113FD26F-6E1F-4880-81DC-FBB6B4A89F7C}.Release|TwinCAT RT (x64).Build.0 = Release|TwinCAT RT (x64)
		{113FD26F-6E1F-4880-81DC-FBB6B4A89F7C}.Release|TwinCAT RT (x86).ActiveCfg = Release|TwinCAT RT (x86)
		{113FD26F-6E1F-4880-81DC-FBB6B4A89F7C}.Release|TwinCAT RT (x86).Build.0 = Release|TwinCAT RT (x86)
	EndGlobalSection
	GlobalSection(SolutionProperties) = preSolution
		HideSolutionNode = FALSE
	EndGlobalSection
	GlobalSection(ExtensibilityGlobals) = postSolution
		SolutionGuid = {F3B4DA5E-1272-48B9-B477-3D48331D4742}
	EndGlobalSection
EndGlobal
